Microsoft Visual Studio Solution File, Format Version 12.00
# Visual Studio Version 17
VisualStudioVersion = 17.13.35931.197
MinimumVisualStudioVersion = 10.0.40219.1
Project("{FAE04EC0-301F-11D3-BF4B-00C04F79EFBC}") = "EyeGlassesApplication", "EyeGlassesApplication\EyeGlassesApplication.csproj", "{9F6D65F8-245D-453A-BF0D-BC1112B741A2}"
EndProject
Global
	GlobalSection(SolutionConfigurationPlatforms) = preSolution
		Debug|Any CPU = Debug|Any CPU
		Release|Any CPU = Release|Any CPU
	EndGlobalSection
	GlobalSection(ProjectConfigurationPlatforms) = postSolution
		{9F6D65F8-245D-453A-BF0D-BC1112B741A2}.Debug|Any CPU.ActiveCfg = Debug|Any CPU
		{9F6D65F8-245D-453A-BF0D-BC1112B741A2}.Debug|Any CPU.Build.0 = Debug|Any CPU
		{9F6D65F8-245D-453A-BF0D-BC1112B741A2}.Release|Any CPU.ActiveCfg = Release|Any CPU
		{9F6D65F8-245D-453A-BF0D-BC1112B741A2}.Release|Any CPU.Build.0 = Release|Any CPU
	EndGlobalSection
	GlobalSection(SolutionProperties) = preSolution
		HideSolutionNode = FALSE
	EndGlobalSection
	GlobalSection(ExtensibilityGlobals) = postSolution
		SolutionGuid = {77A6441B-C33F-4949-BFEC-6901E54D9A69}
	EndGlobalSection
EndGlobal
